<?xml version="1.0" encoding="utf-8"?>
<Project ToolsVersion="4.0" xmlns="http://schemas.microsoft.com/developer/msbuild/2003">
  <ItemGroup>
    <Filter Include="core">
      <UniqueIdentifier>{4E40957C-3A77-960D-E363-7C10CF79120F}</UniqueIdentifier>
    </Filter>
    <Filter Include="logging">
      <UniqueIdentifier>{CC00C087-38E0-3E23-41F8-C9F9AD56A584}</UniqueIdentifier>
    </Filter>
    <Filter Include="main">
      <UniqueIdentifier>{6A7F9A7C-56B6-9B0D-FFA2-8110EBB8170F}</UniqueIdentifier>
    </Filter>
    <Filter Include="managers">
      <UniqueIdentifier>{D3E83846-BFB5-9351-E8CE-81F9D4FAC8DF}</UniqueIdentifier>
    </Filter>
    <Filter Include="math">
      <UniqueIdentifier>{CF809A7C-BBB7-9B0D-64A4-811050BA170F}</UniqueIdentifier>
    </Filter>
    <Filter Include="math\vector">
      <UniqueIdentifier>{3174933B-9D29-0C31-261E-060892D20235}</UniqueIdentifier>
    </Filter>
  </ItemGroup>
  <ItemGroup>
    <ClInclude Include="src\hound\core\base.h">
      <Filter>core</Filter>
    </ClInclude>
    <ClInclude Include="src\hound\core\error_code.h">
      <Filter>core</Filter>
    </ClInclude>
    <ClInclude Include="src\hound\core\property.h">
      <Filter>core</Filter>
    </ClInclude>
    <ClInclude Include="src\hound\core\template.h">
      <Filter>core</Filter>
    </ClInclude>
    <ClInclude Include="src\hound\hnd_pch.h" />
    <ClInclude Include="src\hound\managers\display_manager.h">
      <Filter>managers</Filter>
    </ClInclude>
    <ClInclude Include="src\hound\drivers\graphics_context.h" />
    <ClInclude Include="src\hound\config\platform_identifier.h" />
    <ClInclude Include="src\hound\config\engine.h" />
    <ClInclude Include="src\hound\logging\logger.h">
      <Filter>logging</Filter>
    </ClInclude>
    <ClInclude Include="src\hound\core\assertion.h" />
    <ClInclude Include="src\hound\core\os\os.h" />
    <ClInclude Include="src\hound\core\create_function.h" />
    <ClInclude Include="src\hound\platform\windows\os_windows.h" />
    <ClInclude Include="src\hound\main\main.h">
      <Filter>main</Filter>
    </ClInclude>
    <ClInclude Include="src\hound\main\application.h" />
    <ClInclude Include="src\hound\platform\windows\display_manager_windows.h" />
    <ClInclude Include="src\hound\core\bit.h" />
    <ClInclude Include="src\hound\core\input\input_event.h" />
    <ClInclude Include="src\hound\core\input\key_codes.h" />
    <ClInclude Include="src\hound\platform\open_gl\open_gl_core.h" />
    <ClInclude Include="src\hound\core\event\event.h" />
    <ClInclude Include="src\hound\core\object\object_database.h" />
    <ClInclude Include="src\hound\core\object\object.h" />
    <ClInclude Include="src\hound\platform\windows\window_glfw_helper.h" />
    <ClInclude Include="src\hound\core\input\input_system.h" />
    <ClInclude Include="src\hound\core\event\window_event.h" />
    <ClInclude Include="src\hound\core\math\matrix\mat4.h" />
    <ClInclude Include="src\hound\core\math\quaternion\quaternion.h" />
    <ClInclude Include="src\hound\core\math\rect\rect.h" />
    <ClInclude Include="src\hound\core\math\vector\vec2.h">
      <Filter>math\vector</Filter>
    </ClInclude>
    <ClInclude Include="src\hound\core\math\vector\vec3.h">
      <Filter>math\vector</Filter>
    </ClInclude>
    <ClInclude Include="src\hound\core\math\vector\vec4.h">
      <Filter>math\vector</Filter>
    </ClInclude>
    <ClInclude Include="src\hound\core\math\math.h">
      <Filter>math</Filter>
    </ClInclude>
    <ClInclude Include="src\hound\core\math\math_functions.h">
      <Filter>math</Filter>
    </ClInclude>
    <ClInclude Include="src\hound\platform\open_gl\logging\open_gl_logger.h" />
    <ClInclude Include="src\hound\platform\open_gl\context\open_gl_context.h" />
    <ClInclude Include="src\hound\platform\open_gl\renderer\open_gl_renderer.h" />
    <ClInclude Include="src\hound\core\object\mesh\mesh.h" />
    <ClInclude Include="src\hound\core\object\shader\shader.h" />
    <ClInclude Include="src\hound\file\file_handler.h" />
    <ClInclude Include="src\hound\file\shader\shader_file_handler.h" />
    <ClInclude Include="src\hound\file\shader\raw\raw_shader.h" />
    <ClInclude Include="src\hound\file\shader\raw\raw_shader_parser.h" />
    <ClInclude Include="src\hound\platform\open_gl\object\shader\open_gl_shader.h" />
    <ClInclude Include="src\hound\platform\open_gl\renderer\render_target\open_gl_frame_buffer.h" />
    <ClInclude Include="src\hound\core\object\texture\texture.h" />
    <ClInclude Include="src\hound\core\rendering\camera\camera.h" />
    <ClInclude Include="src\hound\core\rendering\render_target\window\window.h" />
    <ClInclude Include="src\hound\core\rendering\render_target\frame_buffer.h" />
    <ClInclude Include="src\hound\core\rendering\render_target\render_target.h" />
    <ClInclude Include="src\hound\core\rendering\render_target\viewport.h" />
    <ClInclude Include="src\hound\core\rendering\renderer.h" />
    <ClInclude Include="src\hound\core\rendering\renderer_cache.h" />
    <ClInclude Include="src\hound\core\rendering\renderer_cache\module\renderer_cache_module.h" />
    <ClInclude Include="src\hound\platform\open_gl\renderer\renderer_cache\open_gl_renderer_cache.h" />
    <ClInclude Include="src\hound\platform\open_gl\renderer\renderer_cache\module\open_gl_texture_cache_module.h" />
    <ClInclude Include="src\hound\core\rendering\renderer_cache\module\texture_cache_module.h" />
    <ClInclude Include="src\hound\core\rendering\renderer_cache\module\mesh_cache_module.h" />
    <ClInclude Include="src\hound\core\rendering\renderer_cache\module\shader_cache_module.h" />
    <ClInclude Include="src\hound\platform\open_gl\renderer\renderer_cache\module\open_gl_mesh_cache_module.h" />
    <ClInclude Include="src\hound\platform\open_gl\renderer\renderer_cache\module\open_gl_shader_cache_module.h" />
    <ClInclude Include="src\hound\core\rendering\renderer_cache\module\frame_buffer_cache_module.h" />
    <ClInclude Include="src\hound\platform\open_gl\renderer\renderer_cache\module\open_gl_frame_buffer_cache_module.h" />
  </ItemGroup>
  <ItemGroup>
    <ClCompile Include="src\hound\hnd_pch.cpp" />
    <ClCompile Include="src\hound\managers\display_manager.cpp">
      <Filter>managers</Filter>
    </ClCompile>
    <ClCompile Include="src\hound\drivers\graphics_context.cpp" />
    <ClCompile Include="src\hound\config\platform_identifier.cpp" />
    <ClCompile Include="src\hound\config\engine.cpp" />
    <ClCompile Include="src\hound\logging\logger.cpp">
      <Filter>logging</Filter>
    </ClCompile>
    <ClCompile Include="src\hound\core\os\os.cpp" />
    <ClCompile Include="src\hound\platform\windows\os_windows.cpp" />
    <ClCompile Include="src\hound\main\main.cpp">
      <Filter>main</Filter>
    </ClCompile>
    <ClCompile Include="src\hound\main\application.cpp" />
    <ClCompile Include="src\hound\platform\windows\display_manager_windows.cpp" />
    <ClCompile Include="src\hound\core\object\object_database.cpp" />
    <ClCompile Include="src\hound\core\object\object.cpp" />
    <ClCompile Include="src\hound\platform\windows\window_glfw_helper.cpp" />
    <ClCompile Include="src\hound\core\input\input_system.cpp" />
    <ClCompile Include="src\hound\core\math\math_functions.cpp">
      <Filter>math</Filter>
    </ClCompile>
    <ClCompile Include="src\hound\platform\open_gl\logging\open_gl_logger.cpp" />
    <ClCompile Include="src\hound\platform\open_gl\context\open_gl_context.cpp" />
    <ClCompile Include="src\hound\platform\open_gl\renderer\open_gl_renderer.cpp" />
    <ClCompile Include="src\hound\core\object\mesh\mesh.cpp" />
    <ClCompile Include="src\hound\core\object\shader\shader.cpp" />
    <ClCompile Include="src\hound\file\shader\shader_file_handler.cpp" />
    <ClCompile Include="src\hound\file\shader\raw\raw_shader.cpp" />
    <ClCompile Include="src\hound\file\shader\raw\raw_shader_parser.cpp" />
    <ClCompile Include="src\hound\platform\open_gl\object\shader\open_gl_shader.cpp" />
    <ClCompile Include="src\hound\platform\open_gl\renderer\render_target\open_gl_frame_buffer.cpp" />
    <ClCompile Include="src\hound\core\object\texture\texture.cpp" />
    <ClCompile Include="src\hound\core\rendering\camera\camera.cpp" />
    <ClCompile Include="src\hound\core\rendering\render_target\window\window.cpp" />
    <ClCompile Include="src\hound\core\rendering\render_target\frame_buffer.cpp" />
    <ClCompile Include="src\hound\core\rendering\render_target\render_target.cpp" />
    <ClCompile Include="src\hound\core\rendering\render_target\viewport.cpp" />
    <ClCompile Include="src\hound\core\rendering\renderer.cpp" />
    <ClCompile Include="src\hound\core\rendering\renderer_cache.cpp" />
    <ClCompile Include="src\hound\platform\open_gl\renderer\renderer_cache\open_gl_renderer_cache.cpp" />
    <ClCompile Include="src\hound\platform\open_gl\renderer\renderer_cache\module\open_gl_texture_cache_module.cpp" />
    <ClCompile Include="src\hound\platform\open_gl\renderer\renderer_cache\module\open_gl_mesh_cache_module.cpp" />
    <ClCompile Include="src\hound\platform\open_gl\renderer\renderer_cache\module\open_gl_shader_cache_module.cpp" />
    <ClCompile Include="src\hound\platform\open_gl\renderer\renderer_cache\module\open_gl_frame_buffer_cache_module.cpp" />
  </ItemGroup>
</Project>